// !$*UTF8*$!
{
	archiveVersion = 1;
	classes = {
	};
	objectVersion = 46;
	objects = {

/* Begin PBXBuildFile section */
		7CF991CF1E6753A800C5FF0C /* AppDelegate.swift in Sources */ = {isa = PBXBuildFile; fileRef = 7CF991CE1E6753A800C5FF0C /* AppDelegate.swift */; };
		7CF991D11E6753A800C5FF0C /* MainViewController.swift in Sources */ = {isa = PBXBuildFile; fileRef = 7CF991D01E6753A800C5FF0C /* MainViewController.swift */; };
		7CF991D41E6753A800C5FF0C /* Main.storyboard in Resources */ = {isa = PBXBuildFile; fileRef = 7CF991D21E6753A800C5FF0C /* Main.storyboard */; };
		7CF991D71E6753A800C5FF0C /* coredata_wishlist_swift.xcdatamodeld in Sources */ = {isa = PBXBuildFile; fileRef = 7CF991D51E6753A800C5FF0C /* coredata_wishlist_swift.xcdatamodeld */; };
		7CF991D91E6753A800C5FF0C /* Assets.xcassets in Resources */ = {isa = PBXBuildFile; fileRef = 7CF991D81E6753A800C5FF0C /* Assets.xcassets */; };
		7CF991DC1E6753A800C5FF0C /* LaunchScreen.storyboard in Resources */ = {isa = PBXBuildFile; fileRef = 7CF991DA1E6753A800C5FF0C /* LaunchScreen.storyboard */; };
		7CF991E71E6753A800C5FF0C /* coredata_wishlist_swiftTests.swift in Sources */ = {isa = PBXBuildFile; fileRef = 7CF991E61E6753A800C5FF0C /* coredata_wishlist_swiftTests.swift */; };
		7CF991F21E6753A800C5FF0C /* coredata_wishlist_swiftUITests.swift in Sources */ = {isa = PBXBuildFile; fileRef = 7CF991F11E6753A800C5FF0C /* coredata_wishlist_swiftUITests.swift */; };
		7CF992071E67570600C5FF0C /* Store+CoreDataClass.swift in Sources */ = {isa = PBXBuildFile; fileRef = 7CF991FF1E67570600C5FF0C /* Store+CoreDataClass.swift */; };
		7CF992081E67570600C5FF0C /* Store+CoreDataProperties.swift in Sources */ = {isa = PBXBuildFile; fileRef = 7CF992001E67570600C5FF0C /* Store+CoreDataProperties.swift */; };
		7CF992091E67570600C5FF0C /* Item+CoreDataClass.swift in Sources */ = {isa = PBXBuildFile; fileRef = 7CF992011E67570600C5FF0C /* Item+CoreDataClass.swift */; };
		7CF9920A1E67570600C5FF0C /* Item+CoreDataProperties.swift in Sources */ = {isa = PBXBuildFile; fileRef = 7CF992021E67570600C5FF0C /* Item+CoreDataProperties.swift */; };
		7CF9920B1E67570600C5FF0C /* ItemType+CoreDataClass.swift in Sources */ = {isa = PBXBuildFile; fileRef = 7CF992031E67570600C5FF0C /* ItemType+CoreDataClass.swift */; };
		7CF9920C1E67570600C5FF0C /* ItemType+CoreDataProperties.swift in Sources */ = {isa = PBXBuildFile; fileRef = 7CF992041E67570600C5FF0C /* ItemType+CoreDataProperties.swift */; };
		7CF9920D1E67570600C5FF0C /* Image+CoreDataClass.swift in Sources */ = {isa = PBXBuildFile; fileRef = 7CF992051E67570600C5FF0C /* Image+CoreDataClass.swift */; };
		7CF9920E1E67570600C5FF0C /* Image+CoreDataProperties.swift in Sources */ = {isa = PBXBuildFile; fileRef = 7CF992061E67570600C5FF0C /* Image+CoreDataProperties.swift */; };
		7CF992121E67606C00C5FF0C /* example-pic.jpg in Resources */ = {isa = PBXBuildFile; fileRef = 7CF992111E67606C00C5FF0C /* example-pic.jpg */; };
		7CF992161E67611900C5FF0C /* MaterialView.swift in Sources */ = {isa = PBXBuildFile; fileRef = 7CF992151E67611900C5FF0C /* MaterialView.swift */; };
		7CF992181E6763C400C5FF0C /* ItemCell.swift in Sources */ = {isa = PBXBuildFile; fileRef = 7CF992171E6763C400C5FF0C /* ItemCell.swift */; };
/* End PBXBuildFile section */

/* Begin PBXContainerItemProxy section */
		7CF991E31E6753A800C5FF0C /* PBXContainerItemProxy */ = {
			isa = PBXContainerItemProxy;
			containerPortal = 7CF991C31E6753A800C5FF0C /* Project object */;
			proxyType = 1;
			remoteGlobalIDString = 7CF991CA1E6753A800C5FF0C;
			remoteInfo = "coredata-wishlist-swift";
		};
		7CF991EE1E6753A800C5FF0C /* PBXContainerItemProxy */ = {
			isa = PBXContainerItemProxy;
			containerPortal = 7CF991C31E6753A800C5FF0C /* Project object */;
			proxyType = 1;
			remoteGlobalIDString = 7CF991CA1E6753A800C5FF0C;
			remoteInfo = "coredata-wishlist-swift";
		};
/* End PBXContainerItemProxy section */

/* Begin PBXFileReference section */
		7CF991CB1E6753A800C5FF0C /* coredata-wishlist-swift.app */ = {isa = PBXFileReference; explicitFileType = wrapper.application; includeInIndex = 0; path = "coredata-wishlist-swift.app"; sourceTree = BUILT_PRODUCTS_DIR; };
		7CF991CE1E6753A800C5FF0C /* AppDelegate.swift */ = {isa = PBXFileReference; lastKnownFileType = sourcecode.swift; path = AppDelegate.swift; sourceTree = "<group>"; };
		7CF991D01E6753A800C5FF0C /* MainViewController.swift */ = {isa = PBXFileReference; lastKnownFileType = sourcecode.swift; path = MainViewController.swift; sourceTree = "<group>"; };
		7CF991D31E6753A800C5FF0C /* Base */ = {isa = PBXFileReference; lastKnownFileType = file.storyboard; name = Base; path = Base.lproj/Main.storyboard; sourceTree = "<group>"; };
		7CF991D61E6753A800C5FF0C /* coredata_wishlist_swift.xcdatamodel */ = {isa = PBXFileReference; lastKnownFileType = wrapper.xcdatamodel; path = coredata_wishlist_swift.xcdatamodel; sourceTree = "<group>"; };
		7CF991D81E6753A800C5FF0C /* Assets.xcassets */ = {isa = PBXFileReference; lastKnownFileType = folder.assetcatalog; path = Assets.xcassets; sourceTree = "<group>"; };
		7CF991DB1E6753A800C5FF0C /* Base */ = {isa = PBXFileReference; lastKnownFileType = file.storyboard; name = Base; path = Base.lproj/LaunchScreen.storyboard; sourceTree = "<group>"; };
		7CF991DD1E6753A800C5FF0C /* Info.plist */ = {isa = PBXFileReference; lastKnownFileType = text.plist.xml; path = Info.plist; sourceTree = "<group>"; };
		7CF991E21E6753A800C5FF0C /* coredata-wishlist-swiftTests.xctest */ = {isa = PBXFileReference; explicitFileType = wrapper.cfbundle; includeInIndex = 0; path = "coredata-wishlist-swiftTests.xctest"; sourceTree = BUILT_PRODUCTS_DIR; };
		7CF991E61E6753A800C5FF0C /* coredata_wishlist_swiftTests.swift */ = {isa = PBXFileReference; lastKnownFileType = sourcecode.swift; path = coredata_wishlist_swiftTests.swift; sourceTree = "<group>"; };
		7CF991E81E6753A800C5FF0C /* Info.plist */ = {isa = PBXFileReference; lastKnownFileType = text.plist.xml; path = Info.plist; sourceTree = "<group>"; };
		7CF991ED1E6753A800C5FF0C /* coredata-wishlist-swiftUITests.xctest */ = {isa = PBXFileReference; explicitFileType = wrapper.cfbundle; includeInIndex = 0; path = "coredata-wishlist-swiftUITests.xctest"; sourceTree = BUILT_PRODUCTS_DIR; };
		7CF991F11E6753A800C5FF0C /* coredata_wishlist_swiftUITests.swift */ = {isa = PBXFileReference; lastKnownFileType = sourcecode.swift; path = coredata_wishlist_swiftUITests.swift; sourceTree = "<group>"; };
		7CF991F31E6753A800C5FF0C /* Info.plist */ = {isa = PBXFileReference; lastKnownFileType = text.plist.xml; path = Info.plist; sourceTree = "<group>"; };
		7CF991FF1E67570600C5FF0C /* Store+CoreDataClass.swift */ = {isa = PBXFileReference; fileEncoding = 4; lastKnownFileType = sourcecode.swift; path = "Store+CoreDataClass.swift"; sourceTree = "<group>"; };
		7CF992001E67570600C5FF0C /* Store+CoreDataProperties.swift */ = {isa = PBXFileReference; fileEncoding = 4; lastKnownFileType = sourcecode.swift; path = "Store+CoreDataProperties.swift"; sourceTree = "<group>"; };
		7CF992011E67570600C5FF0C /* Item+CoreDataClass.swift */ = {isa = PBXFileReference; fileEncoding = 4; lastKnownFileType = sourcecode.swift; path = "Item+CoreDataClass.swift"; sourceTree = "<group>"; };
		7CF992021E67570600C5FF0C /* Item+CoreDataProperties.swift */ = {isa = PBXFileReference; fileEncoding = 4; lastKnownFileType = sourcecode.swift; path = "Item+CoreDataProperties.swift"; sourceTree = "<group>"; };
		7CF992031E67570600C5FF0C /* ItemType+CoreDataClass.swift */ = {isa = PBXFileReference; fileEncoding = 4; lastKnownFileType = sourcecode.swift; path = "ItemType+CoreDataClass.swift"; sourceTree = "<group>"; };
		7CF992041E67570600C5FF0C /* ItemType+CoreDataProperties.swift */ = {isa = PBXFileReference; fileEncoding = 4; lastKnownFileType = sourcecode.swift; path = "ItemType+CoreDataProperties.swift"; sourceTree = "<group>"; };
		7CF992051E67570600C5FF0C /* Image+CoreDataClass.swift */ = {isa = PBXFileReference; fileEncoding = 4; lastKnownFileType = sourcecode.swift; path = "Image+CoreDataClass.swift"; sourceTree = "<group>"; };
		7CF992061E67570600C5FF0C /* Image+CoreDataProperties.swift */ = {isa = PBXFileReference; fileEncoding = 4; lastKnownFileType = sourcecode.swift; path = "Image+CoreDataProperties.swift"; sourceTree = "<group>"; };
		7CF992111E67606C00C5FF0C /* example-pic.jpg */ = {isa = PBXFileReference; lastKnownFileType = image.jpeg; path = "example-pic.jpg"; sourceTree = "<group>"; };
		7CF992151E67611900C5FF0C /* MaterialView.swift */ = {isa = PBXFileReference; fileEncoding = 4; lastKnownFileType = sourcecode.swift; path = MaterialView.swift; sourceTree = "<group>"; };
		7CF992171E6763C400C5FF0C /* ItemCell.swift */ = {isa = PBXFileReference; fileEncoding = 4; lastKnownFileType = sourcecode.swift; path = ItemCell.swift; sourceTree = "<group>"; };
/* End PBXFileReference section */

/* Begin PBXFrameworksBuildPhase section */
		7CF991C81E6753A800C5FF0C /* Frameworks */ = {
			isa = PBXFrameworksBuildPhase;
			buildActionMask = 2147483647;
			files = (
			);
			runOnlyForDeploymentPostprocessing = 0;
		};
		7CF991DF1E6753A800C5FF0C /* Frameworks */ = {
			isa = PBXFrameworksBuildPhase;
			buildActionMask = 2147483647;
			files = (
			);
			runOnlyForDeploymentPostprocessing = 0;
		};
		7CF991EA1E6753A800C5FF0C /* Frameworks */ = {
			isa = PBXFrameworksBuildPhase;
			buildActionMask = 2147483647;
			files = (
			);
			runOnlyForDeploymentPostprocessing = 0;
		};
/* End PBXFrameworksBuildPhase section */

/* Begin PBXGroup section */
		7CF991C21E6753A800C5FF0C = {
			isa = PBXGroup;
			children = (
				7CF991CD1E6753A800C5FF0C /* coredata-wishlist-swift */,
				7CF991E51E6753A800C5FF0C /* coredata-wishlist-swiftTests */,
				7CF991F01E6753A800C5FF0C /* coredata-wishlist-swiftUITests */,
				7CF991CC1E6753A800C5FF0C /* Products */,
			);
			sourceTree = "<group>";
		};
		7CF991CC1E6753A800C5FF0C /* Products */ = {
			isa = PBXGroup;
			children = (
				7CF991CB1E6753A800C5FF0C /* coredata-wishlist-swift.app */,
				7CF991E21E6753A800C5FF0C /* coredata-wishlist-swiftTests.xctest */,
				7CF991ED1E6753A800C5FF0C /* coredata-wishlist-swiftUITests.xctest */,
			);
			name = Products;
			sourceTree = "<group>";
		};
		7CF991CD1E6753A800C5FF0C /* coredata-wishlist-swift */ = {
			isa = PBXGroup;
			children = (
				7CF992131E6760E500C5FF0C /* View */,
				7CF9920F1E67572000C5FF0C /* Model */,
				7CF991CE1E6753A800C5FF0C /* AppDelegate.swift */,
				7CF991D01E6753A800C5FF0C /* MainViewController.swift */,
				7CF991D21E6753A800C5FF0C /* Main.storyboard */,
				7CF992111E67606C00C5FF0C /* example-pic.jpg */,
				7CF991D81E6753A800C5FF0C /* Assets.xcassets */,
				7CF991DA1E6753A800C5FF0C /* LaunchScreen.storyboard */,
				7CF991DD1E6753A800C5FF0C /* Info.plist */,
				7CF991D51E6753A800C5FF0C /* coredata_wishlist_swift.xcdatamodeld */,
			);
			path = "coredata-wishlist-swift";
			sourceTree = "<group>";
		};
		7CF991E51E6753A800C5FF0C /* coredata-wishlist-swiftTests */ = {
			isa = PBXGroup;
			children = (
				7CF991E61E6753A800C5FF0C /* coredata_wishlist_swiftTests.swift */,
				7CF991E81E6753A800C5FF0C /* Info.plist */,
			);
			path = "coredata-wishlist-swiftTests";
			sourceTree = "<group>";
		};
		7CF991F01E6753A800C5FF0C /* coredata-wishlist-swiftUITests */ = {
			isa = PBXGroup;
			children = (
				7CF991F11E6753A800C5FF0C /* coredata_wishlist_swiftUITests.swift */,
				7CF991F31E6753A800C5FF0C /* Info.plist */,
			);
			path = "coredata-wishlist-swiftUITests";
			sourceTree = "<group>";
		};
		7CF9920F1E67572000C5FF0C /* Model */ = {
			isa = PBXGroup;
			children = (
				7CF991FF1E67570600C5FF0C /* Store+CoreDataClass.swift */,
				7CF992011E67570600C5FF0C /* Item+CoreDataClass.swift */,
				7CF992031E67570600C5FF0C /* ItemType+CoreDataClass.swift */,
				7CF992051E67570600C5FF0C /* Image+CoreDataClass.swift */,
				7CF992101E67573700C5FF0C /* Generated */,
			);
			name = Model;
			sourceTree = "<group>";
		};
		7CF992101E67573700C5FF0C /* Generated */ = {
			isa = PBXGroup;
			children = (
				7CF992001E67570600C5FF0C /* Store+CoreDataProperties.swift */,
				7CF992021E67570600C5FF0C /* Item+CoreDataProperties.swift */,
				7CF992041E67570600C5FF0C /* ItemType+CoreDataProperties.swift */,
				7CF992061E67570600C5FF0C /* Image+CoreDataProperties.swift */,
			);
			name = Generated;
			sourceTree = "<group>";
		};
		7CF992131E6760E500C5FF0C /* View */ = {
			isa = PBXGroup;
			children = (
				7CF992151E67611900C5FF0C /* MaterialView.swift */,
				7CF992171E6763C400C5FF0C /* ItemCell.swift */,
			);
			name = View;
			sourceTree = "<group>";
		};
/* End PBXGroup section */

/* Begin PBXNativeTarget section */
		7CF991CA1E6753A800C5FF0C /* coredata-wishlist-swift */ = {
			isa = PBXNativeTarget;
			buildConfigurationList = 7CF991F61E6753A800C5FF0C /* Build configuration list for PBXNativeTarget "coredata-wishlist-swift" */;
			buildPhases = (
				7CF991C71E6753A800C5FF0C /* Sources */,
				7CF991C81E6753A800C5FF0C /* Frameworks */,
				7CF991C91E6753A800C5FF0C /* Resources */,
			);
			buildRules = (
			);
			dependencies = (
			);
			name = "coredata-wishlist-swift";
			productName = "coredata-wishlist-swift";
			productReference = 7CF991CB1E6753A800C5FF0C /* coredata-wishlist-swift.app */;
			productType = "com.apple.product-type.application";
		};
		7CF991E11E6753A800C5FF0C /* coredata-wishlist-swiftTests */ = {
			isa = PBXNativeTarget;
			buildConfigurationList = 7CF991F91E6753A800C5FF0C /* Build configuration list for PBXNativeTarget "coredata-wishlist-swiftTests" */;
			buildPhases = (
				7CF991DE1E6753A800C5FF0C /* Sources */,
				7CF991DF1E6753A800C5FF0C /* Frameworks */,
				7CF991E01E6753A800C5FF0C /* Resources */,
			);
			buildRules = (
			);
			dependencies = (
				7CF991E41E6753A800C5FF0C /* PBXTargetDependency */,
			);
			name = "coredata-wishlist-swiftTests";
			productName = "coredata-wishlist-swiftTests";
			productReference = 7CF991E21E6753A800C5FF0C /* coredata-wishlist-swiftTests.xctest */;
			productType = "com.apple.product-type.bundle.unit-test";
		};
		7CF991EC1E6753A800C5FF0C /* coredata-wishlist-swiftUITests */ = {
			isa = PBXNativeTarget;
			buildConfigurationList = 7CF991FC1E6753A800C5FF0C /* Build configuration list for PBXNativeTarget "coredata-wishlist-swiftUITests" */;
			buildPhases = (
				7CF991E91E6753A800C5FF0C /* Sources */,
				7CF991EA1E6753A800C5FF0C /* Frameworks */,
				7CF991EB1E6753A800C5FF0C /* Resources */,
			);
			buildRules = (
			);
			dependencies = (
				7CF991EF1E6753A800C5FF0C /* PBXTargetDependency */,
			);
			name = "coredata-wishlist-swiftUITests";
			productName = "coredata-wishlist-swiftUITests";
			productReference = 7CF991ED1E6753A800C5FF0C /* coredata-wishlist-swiftUITests.xctest */;
			productType = "com.apple.product-type.bundle.ui-testing";
		};
/* End PBXNativeTarget section */

/* Begin PBXProject section */
		7CF991C31E6753A800C5FF0C /* Project object */ = {
			isa = PBXProject;
			attributes = {
				LastSwiftUpdateCheck = 0820;
				LastUpgradeCheck = 0820;
				ORGANIZATIONNAME = "Surasak Wattanapradit";
				TargetAttributes = {
					7CF991CA1E6753A800C5FF0C = {
						CreatedOnToolsVersion = 8.2.1;
						DevelopmentTeam = XV8HFDZ5YJ;
						ProvisioningStyle = Automatic;
					};
					7CF991E11E6753A800C5FF0C = {
						CreatedOnToolsVersion = 8.2.1;
						ProvisioningStyle = Automatic;
						TestTargetID = 7CF991CA1E6753A800C5FF0C;
					};
					7CF991EC1E6753A800C5FF0C = {
						CreatedOnToolsVersion = 8.2.1;
						ProvisioningStyle = Automatic;
						TestTargetID = 7CF991CA1E6753A800C5FF0C;
					};
				};
			};
			buildConfigurationList = 7CF991C61E6753A800C5FF0C /* Build configuration list for PBXProject "coredata-wishlist-swift" */;
			compatibilityVersion = "Xcode 3.2";
			developmentRegion = English;
			hasScannedForEncodings = 0;
			knownRegions = (
				en,
				Base,
			);
			mainGroup = 7CF991C21E6753A800C5FF0C;
			productRefGroup = 7CF991CC1E6753A800C5FF0C /* Products */;
			projectDirPath = "";
			projectRoot = "";
			targets = (
				7CF991CA1E6753A800C5FF0C /* coredata-wishlist-swift */,
				7CF991E11E6753A800C5FF0C /* coredata-wishlist-swiftTests */,
				7CF991EC1E6753A800C5FF0C /* coredata-wishlist-swiftUITests */,
			);
		};
/* End PBXProject section */

/* Begin PBXResourcesBuildPhase section */
		7CF991C91E6753A800C5FF0C /* Resources */ = {
			isa = PBXResourcesBuildPhase;
			buildActionMask = 2147483647;
			files = (
				7CF991DC1E6753A800C5FF0C /* LaunchScreen.storyboard in Resources */,
				7CF991D91E6753A800C5FF0C /* Assets.xcassets in Resources */,
				7CF991D41E6753A800C5FF0C /* Main.storyboard in Resources */,
				7CF992121E67606C00C5FF0C /* example-pic.jpg in Resources */,
			);
			runOnlyForDeploymentPostprocessing = 0;
		};
		7CF991E01E6753A800C5FF0C /* Resources */ = {
			isa = PBXResourcesBuildPhase;
			buildActionMask = 2147483647;
			files = (
			);
			runOnlyForDeploymentPostprocessing = 0;
		};
		7CF991EB1E6753A800C5FF0C /* Resources */ = {
			isa = PBXResourcesBuildPhase;
			buildActionMask = 2147483647;
			files = (
			);
			runOnlyForDeploymentPostprocessing = 0;
		};
/* End PBXResourcesBuildPhase section */

/* Begin PBXSourcesBuildPhase section */
		7CF991C71E6753A800C5FF0C /* Sources */ = {
			isa = PBXSourcesBuildPhase;
			buildActionMask = 2147483647;
			files = (
				7CF992181E6763C400C5FF0C /* ItemCell.swift in Sources */,
				7CF9920A1E67570600C5FF0C /* Item+CoreDataProperties.swift in Sources */,
				7CF992091E67570600C5FF0C /* Item+CoreDataClass.swift in Sources */,
				7CF9920C1E67570600C5FF0C /* ItemType+CoreDataProperties.swift in Sources */,
				7CF992161E67611900C5FF0C /* MaterialView.swift in Sources */,
				7CF992081E67570600C5FF0C /* Store+CoreDataProperties.swift in Sources */,
				7CF991D11E6753A800C5FF0C /* MainViewController.swift in Sources */,
				7CF9920B1E67570600C5FF0C /* ItemType+CoreDataClass.swift in Sources */,
				7CF992071E67570600C5FF0C /* Store+CoreDataClass.swift in Sources */,
				7CF991D71E6753A800C5FF0C /* coredata_wishlist_swift.xcdatamodeld in Sources */,
				7CF991CF1E6753A800C5FF0C /* AppDelegate.swift in Sources */,
				7CF9920D1E67570600C5FF0C /* Image+CoreDataClass.swift in Sources */,
				7CF9920E1E67570600C5FF0C /* Image+CoreDataProperties.swift in Sources */,
			);
			runOnlyForDeploymentPostprocessing = 0;
		};
		7CF991DE1E6753A800C5FF0C /* Sources */ = {
			isa = PBXSourcesBuildPhase;
			buildActionMask = 2147483647;
			files = (
				7CF991E71E6753A800C5FF0C /* coredata_wishlist_swiftTests.swift in Sources */,
			);
			runOnlyForDeploymentPostprocessing = 0;
		};
		7CF991E91E6753A800C5FF0C /* Sources */ = {
			isa = PBXSourcesBuildPhase;
			buildActionMask = 2147483647;
			files = (
				7CF991F21E6753A800C5FF0C /* coredata_wishlist_swiftUITests.swift in Sources */,
			);
			runOnlyForDeploymentPostprocessing = 0;
		};
/* End PBXSourcesBuildPhase section */

/* Begin PBXTargetDependency section */
		7CF991E41E6753A800C5FF0C /* PBXTargetDependency */ = {
			isa = PBXTargetDependency;
			target = 7CF991CA1E6753A800C5FF0C /* coredata-wishlist-swift */;
			targetProxy = 7CF991E31E6753A800C5FF0C /* PBXContainerItemProxy */;
		};
		7CF991EF1E6753A800C5FF0C /* PBXTargetDependency */ = {
			isa = PBXTargetDependency;
			target = 7CF991CA1E6753A800C5FF0C /* coredata-wishlist-swift */;
			targetProxy = 7CF991EE1E6753A800C5FF0C /* PBXContainerItemProxy */;
		};
/* End PBXTargetDependency section */

/* Begin PBXVariantGroup section */
		7CF991D21E6753A800C5FF0C /* Main.storyboard */ = {
			isa = PBXVariantGroup;
			children = (
				7CF991D31E6753A800C5FF0C /* Base */,
			);
			name = Main.storyboard;
			sourceTree = "<group>";
		};
		7CF991DA1E6753A800C5FF0C /* LaunchScreen.storyboard */ = {
			isa = PBXVariantGroup;
			children = (
				7CF991DB1E6753A800C5FF0C /* Base */,
			);
			name = LaunchScreen.storyboard;
			sourceTree = "<group>";
		};
/* End PBXVariantGroup section */

/* Begin XCBuildConfiguration section */
		7CF991F41E6753A800C5FF0C /* Debug */ = {
			isa = XCBuildConfiguration;
			buildSettings = {
				ALWAYS_SEARCH_USER_PATHS = NO;
				CLANG_ANALYZER_NONNULL = YES;
				CLANG_CXX_LANGUAGE_STANDARD = "gnu++0x";
				CLANG_CXX_LIBRARY = "libc++";
				CLANG_ENABLE_MODULES = YES;
				CLANG_ENABLE_OBJC_ARC = YES;
				CLANG_WARN_BOOL_CONVERSION = YES;
				CLANG_WARN_CONSTANT_CONVERSION = YES;
				CLANG_WARN_DIRECT_OBJC_ISA_USAGE = YES_ERROR;
				CLANG_WARN_DOCUMENTATION_COMMENTS = YES;
				CLANG_WARN_EMPTY_BODY = YES;
				CLANG_WARN_ENUM_CONVERSION = YES;
				CLANG_WARN_INFINITE_RECURSION = YES;
				CLANG_WARN_INT_CONVERSION = YES;
				CLANG_WARN_OBJC_ROOT_CLASS = YES_ERROR;
				CLANG_WARN_SUSPICIOUS_MOVE = YES;
				CLANG_WARN_UNREACHABLE_CODE = YES;
				CLANG_WARN__DUPLICATE_METHOD_MATCH = YES;
				"CODE_SIGN_IDENTITY[sdk=iphoneos*]" = "iPhone Developer";
				COPY_PHASE_STRIP = NO;
				DEBUG_INFORMATION_FORMAT = dwarf;
				ENABLE_STRICT_OBJC_MSGSEND = YES;
				ENABLE_TESTABILITY = YES;
				GCC_C_LANGUAGE_STANDARD = gnu99;
				GCC_DYNAMIC_NO_PIC = NO;
				GCC_NO_COMMON_BLOCKS = YES;
				GCC_OPTIMIZATION_LEVEL = 0;
				GCC_PREPROCESSOR_DEFINITIONS = (
					"DEBUG=1",
					"$(inherited)",
				);
				GCC_WARN_64_TO_32_BIT_CONVERSION = YES;
				GCC_WARN_ABOUT_RETURN_TYPE = YES_ERROR;
				GCC_WARN_UNDECLARED_SELECTOR = YES;
				GCC_WARN_UNINITIALIZED_AUTOS = YES_AGGRESSIVE;
				GCC_WARN_UNUSED_FUNCTION = YES;
				GCC_WARN_UNUSED_VARIABLE = YES;
				IPHONEOS_DEPLOYMENT_TARGET = 10.2;
				MTL_ENABLE_DEBUG_INFO = YES;
				ONLY_ACTIVE_ARCH = YES;
				SDKROOT = iphoneos;
				SWIFT_ACTIVE_COMPILATION_CONDITIONS = DEBUG;
				SWIFT_OPTIMIZATION_LEVEL = "-Onone";
				TARGETED_DEVICE_FAMILY = "1,2";
			};
			name = Debug;
		};
		7CF991F51E6753A800C5FF0C /* Release */ = {
			isa = XCBuildConfiguration;
			buildSettings = {
				ALWAYS_SEARCH_USER_PATHS = NO;
				CLANG_ANALYZER_NONNULL = YES;
				CLANG_CXX_LANGUAGE_STANDARD = "gnu++0x";
				CLANG_CXX_LIBRARY = "libc++";
				CLANG_ENABLE_MODULES = YES;
				CLANG_ENABLE_OBJC_ARC = YES;
				CLANG_WARN_BOOL_CONVERSION = YES;
				CLANG_WARN_CONSTANT_CONVERSION = YES;
				CLANG_WARN_DIRECT_OBJC_ISA_USAGE = YES_ERROR;
				CLANG_WARN_DOCUMENTATION_COMMENTS = YES;
				CLANG_WARN_EMPTY_BODY = YES;
				CLANG_WARN_ENUM_CONVERSION = YES;
				CLANG_WARN_INFINITE_RECURSION = YES;
				CLANG_WARN_INT_CONVERSION = YES;
				CLANG_WARN_OBJC_ROOT_CLASS = YES_ERROR;
				CLANG_WARN_SUSPICIOUS_MOVE = YES;
				CLANG_WARN_UNREACHABLE_CODE = YES;
				CLANG_WARN__DUPLICATE_METHOD_MATCH = YES;
				"CODE_SIGN_IDENTITY[sdk=iphoneos*]" = "iPhone Developer";
				COPY_PHASE_STRIP = NO;
				DEBUG_INFORMATION_FORMAT = "dwarf-with-dsym";
				ENABLE_NS_ASSERTIONS = NO;
				ENABLE_STRICT_OBJC_MSGSEND = YES;
				GCC_C_LANGUAGE_STANDARD = gnu99;
				GCC_NO_COMMON_BLOCKS = YES;
				GCC_WARN_64_TO_32_BIT_CONVERSION = YES;
				GCC_WARN_ABOUT_RETURN_TYPE = YES_ERROR;
				GCC_WARN_UNDECLARED_SELECTOR = YES;
				GCC_WARN_UNINITIALIZED_AUTOS = YES_AGGRESSIVE;
				GCC_WARN_UNUSED_FUNCTION = YES;
				GCC_WARN_UNUSED_VARIABLE = YES;
				IPHONEOS_DEPLOYMENT_TARGET = 10.2;
				MTL_ENABLE_DEBUG_INFO = NO;
				SDKROOT = iphoneos;
				SWIFT_OPTIMIZATION_LEVEL = "-Owholemodule";
				TARGETED_DEVICE_FAMILY = "1,2";
				VALIDATE_PRODUCT = YES;
			};
			name = Release;
		};
		7CF991F71E6753A800C5FF0C /* Debug */ = {
			isa = XCBuildConfiguration;
			buildSettings = {
				ASSETCATALOG_COMPILER_APPICON_NAME = AppIcon;
				"CODE_SIGN_IDENTITY[sdk=iphoneos*]" = "iPhone Developer";
				DEVELOPMENT_TEAM = XV8HFDZ5YJ;
				INFOPLIST_FILE = "coredata-wishlist-swift/Info.plist";
				LD_RUNPATH_SEARCH_PATHS = "$(inherited) @executable_path/Frameworks";
				PRODUCT_BUNDLE_IDENTIFIER = "DarkLight.coredata-wishlist-swift";
				PRODUCT_NAME = "$(TARGET_NAME)";
				SWIFT_VERSION = 3.0;
			};
			name = Debug;
		};
		7CF991F81E6753A800C5FF0C /* Release */ = {
			isa = XCBuildConfiguration;
			buildSettings = {
				ASSETCATALOG_COMPILER_APPICON_NAME = AppIcon;
				"CODE_SIGN_IDENTITY[sdk=iphoneos*]" = "iPhone Developer";
				DEVELOPMENT_TEAM = XV8HFDZ5YJ;
				INFOPLIST_FILE = "coredata-wishlist-swift/Info.plist";
				LD_RUNPATH_SEARCH_PATHS = "$(inherited) @executable_path/Frameworks";
				PRODUCT_BUNDLE_IDENTIFIER = "DarkLight.coredata-wishlist-swift";
				PRODUCT_NAME = "$(TARGET_NAME)";
				SWIFT_VERSION = 3.0;
			};
			name = Release;
		};
		7CF991FA1E6753A800C5FF0C /* Debug */ = {
			isa = XCBuildConfiguration;
			buildSettings = {
				ALWAYS_EMBED_SWIFT_STANDARD_LIBRARIES = YES;
				BUNDLE_LOADER = "$(TEST_HOST)";
				INFOPLIST_FILE = "coredata-wishlist-swiftTests/Info.plist";
				LD_RUNPATH_SEARCH_PATHS = "$(inherited) @executable_path/Frameworks @loader_path/Frameworks";
				PRODUCT_BUNDLE_IDENTIFIER = "DarkLight.coredata-wishlist-swiftTests";
				PRODUCT_NAME = "$(TARGET_NAME)";
				SWIFT_VERSION = 3.0;
				TEST_HOST = "$(BUILT_PRODUCTS_DIR)/coredata-wishlist-swift.app/coredata-wishlist-swift";
			};
			name = Debug;
		};
		7CF991FB1E6753A800C5FF0C /* Release */ = {
			isa = XCBuildConfiguration;
			buildSettings = {
				ALWAYS_EMBED_SWIFT_STANDARD_LIBRARIES = YES;
				BUNDLE_LOADER = "$(TEST_HOST)";
				INFOPLIST_FILE = "coredata-wishlist-swiftTests/Info.plist";
				LD_RUNPATH_SEARCH_PATHS = "$(inherited) @executable_path/Frameworks @loader_path/Frameworks";
				PRODUCT_BUNDLE_IDENTIFIER = "DarkLight.coredata-wishlist-swiftTests";
				PRODUCT_NAME = "$(TARGET_NAME)";
				SWIFT_VERSION = 3.0;
				TEST_HOST = "$(BUILT_PRODUCTS_DIR)/coredata-wishlist-swift.app/coredata-wishlist-swift";
			};
			name = Release;
		};
		7CF991FD1E6753A800C5FF0C /* Debug */ = {
			isa = XCBuildConfiguration;
			buildSettings = {
				ALWAYS_EMBED_SWIFT_STANDARD_LIBRARIES = YES;
				INFOPLIST_FILE = "coredata-wishlist-swiftUITests/Info.plist";
				LD_RUNPATH_SEARCH_PATHS = "$(inherited) @executable_path/Frameworks @loader_path/Frameworks";
				PRODUCT_BUNDLE_IDENTIFIER = "DarkLight.coredata-wishlist-swiftUITests";
				PRODUCT_NAME = "$(TARGET_NAME)";
				SWIFT_VERSION = 3.0;
				TEST_TARGET_NAME = "coredata-wishlist-swift";
			};
			name = Debug;
		};
		7CF991FE1E6753A800C5FF0C /* Release */ = {
			isa = XCBuildConfiguration;
			buildSettings = {
				ALWAYS_EMBED_SWIFT_STANDARD_LIBRARIES = YES;
				INFOPLIST_FILE = "coredata-wishlist-swiftUITests/Info.plist";
				LD_RUNPATH_SEARCH_PATHS = "$(inherited) @executable_path/Frameworks @loader_path/Frameworks";
				PRODUCT_BUNDLE_IDENTIFIER = "DarkLight.coredata-wishlist-swiftUITests";
				PRODUCT_NAME = "$(TARGET_NAME)";
				SWIFT_VERSION = 3.0;
				TEST_TARGET_NAME = "coredata-wishlist-swift";
			};
			name = Release;
		};
/* End XCBuildConfiguration section */

/* Begin XCConfigurationList section */
		7CF991C61E6753A800C5FF0C /* Build configuration list for PBXProject "coredata-wishlist-swift" */ = {
			isa = XCConfigurationList;
			buildConfigurations = (
				7CF991F41E6753A800C5FF0C /* Debug */,
				7CF991F51E6753A800C5FF0C /* Release */,
			);
			defaultConfigurationIsVisible = 0;
			defaultConfigurationName = Release;
		};
		7CF991F61E6753A800C5FF0C /* Build configuration list for PBXNativeTarget "coredata-wishlist-swift" */ = {
			isa = XCConfigurationList;
			buildConfigurations = (
				7CF991F71E6753A800C5FF0C /* Debug */,
				7CF991F81E6753A800C5FF0C /* Release */,
			);
			defaultConfigurationIsVisible = 0;
			defaultConfigurationName = Release;
		};
		7CF991F91E6753A800C5FF0C /* Build configuration list for PBXNativeTarget "coredata-wishlist-swiftTests" */ = {
			isa = XCConfigurationList;
			buildConfigurations = (
				7CF991FA1E6753A800C5FF0C /* Debug */,
				7CF991FB1E6753A800C5FF0C /* Release */,
			);
			defaultConfigurationIsVisible = 0;
			defaultConfigurationName = Release;
		};
		7CF991FC1E6753A800C5FF0C /* Build configuration list for PBXNativeTarget "coredata-wishlist-swiftUITests" */ = {
			isa = XCConfigurationList;
			buildConfigurations = (
				7CF991FD1E6753A800C5FF0C /* Debug */,
				7CF991FE1E6753A800C5FF0C /* Release */,
			);
			defaultConfigurationIsVisible = 0;
			defaultConfigurationName = Release;
		};
/* End XCConfigurationList section */

/* Begin XCVersionGroup section */
		7CF991D51E6753A800C5FF0C /* coredata_wishlist_swift.xcdatamodeld */ = {
			isa = XCVersionGroup;
			children = (
				7CF991D61E6753A800C5FF0C /* coredata_wishlist_swift.xcdatamodel */,
			);
			currentVersion = 7CF991D61E6753A800C5FF0C /* coredata_wishlist_swift.xcdatamodel */;
			path = coredata_wishlist_swift.xcdatamodeld;
			sourceTree = "<group>";
			versionGroupType = wrapper.xcdatamodel;
		};
/* End XCVersionGroup section */
	};
	rootObject = 7CF991C31E6753A800C5FF0C /* Project object */;
}
